// !$*UTF8*$!
{
	archiveVersion = 1;
	classes = {
	};
	objectVersion = 48;
	objects = {

/* Begin PBXBuildFile section */
		ACC5DC0020469FEB00FA8CD7 /* SVPinView.gif in Resources */ = {isa = PBXBuildFile; fileRef = ACC5DBFF20469FEB00FA8CD7 /* SVPinView.gif */; };
		ACC5DC042046A2A400FA8CD7 /* IBInspectables.png in Resources */ = {isa = PBXBuildFile; fileRef = ACC5DC032046A2A400FA8CD7 /* IBInspectables.png */; };
		ACE199C3204556340041203C /* SVPinView.h in Headers */ = {isa = PBXBuildFile; fileRef = ACE199C1204556340041203C /* SVPinView.h */; settings = {ATTRIBUTES = (Public, ); }; };
		ACE199CC2045566E0041203C /* SVPinView.swift in Sources */ = {isa = PBXBuildFile; fileRef = ACE199CA2045566E0041203C /* SVPinView.swift */; };
		B31AAF972089E8D4004F5BE4 /* SVPinField.swift in Sources */ = {isa = PBXBuildFile; fileRef = B31AAF962089E8D4004F5BE4 /* SVPinField.swift */; };
/* End PBXBuildFile section */

/* Begin PBXFileReference section */
		ACC5DBFF20469FEB00FA8CD7 /* SVPinView.gif */ = {isa = PBXFileReference; lastKnownFileType = image.gif; path = SVPinView.gif; sourceTree = "<group>"; };
		ACC5DC032046A2A400FA8CD7 /* IBInspectables.png */ = {isa = PBXFileReference; lastKnownFileType = image.png; path = IBInspectables.png; sourceTree = "<group>"; };
		ACE199BE204556340041203C /* SVPinView.framework */ = {isa = PBXFileReference; explicitFileType = wrapper.framework; includeInIndex = 0; path = SVPinView.framework; sourceTree = BUILT_PRODUCTS_DIR; };
		ACE199C1204556340041203C /* SVPinView.h */ = {isa = PBXFileReference; lastKnownFileType = sourcecode.c.h; path = SVPinView.h; sourceTree = "<group>"; };
		ACE199C2204556340041203C /* Info.plist */ = {isa = PBXFileReference; lastKnownFileType = text.plist.xml; path = Info.plist; sourceTree = "<group>"; };
		ACE199C92045566E0041203C /* SVPinCell.xib */ = {isa = PBXFileReference; lastKnownFileType = file.xib; path = SVPinCell.xib; sourceTree = "<group>"; };
		ACE199CA2045566E0041203C /* SVPinView.swift */ = {isa = PBXFileReference; lastKnownFileType = sourcecode.swift; path = SVPinView.swift; sourceTree = "<group>"; };
		ACE199CB2045566E0041203C /* SVPinView.xib */ = {isa = PBXFileReference; lastKnownFileType = file.xib; path = SVPinView.xib; sourceTree = "<group>"; };
		B31AAF962089E8D4004F5BE4 /* SVPinField.swift */ = {isa = PBXFileReference; lastKnownFileType = sourcecode.swift; path = SVPinField.swift; sourceTree = "<group>"; };
/* End PBXFileReference section */

/* Begin PBXFrameworksBuildPhase section */
		ACE199BA204556340041203C /* Frameworks */ = {
			isa = PBXFrameworksBuildPhase;
			buildActionMask = 2147483647;
			files = (
			);
			runOnlyForDeploymentPostprocessing = 0;
		};
/* End PBXFrameworksBuildPhase section */

/* Begin PBXGroup section */
		ACC5DBE4204689E000FA8CD7 /* Source */ = {
			isa = PBXGroup;
			children = (
				ACE199CD204584680041203C /* Classes */,
				ACE199CE204584930041203C /* XIB's */,
			);
			path = Source;
			sourceTree = "<group>";
		};
		ACC5DBE520468A2000FA8CD7 /* Resources */ = {
			isa = PBXGroup;
			children = (
				ACE199C1204556340041203C /* SVPinView.h */,
				ACE199C2204556340041203C /* Info.plist */,
			);
			path = Resources;
			sourceTree = "<group>";
		};
		ACC5DBFD20469FC100FA8CD7 /* Screenshots */ = {
			isa = PBXGroup;
			children = (
				ACC5DBFF20469FEB00FA8CD7 /* SVPinView.gif */,
				ACC5DC032046A2A400FA8CD7 /* IBInspectables.png */,
			);
			path = Screenshots;
			sourceTree = "<group>";
		};
		ACC5DBFE20469FCA00FA8CD7 /* Example */ = {
			isa = PBXGroup;
			children = (
			);
			path = Example;
			sourceTree = "<group>";
		};
		ACE199B4204556340041203C = {
			isa = PBXGroup;
			children = (
				ACE199C0204556340041203C /* SVPinView */,
				ACE199BF204556340041203C /* Products */,
			);
			sourceTree = "<group>";
		};
		ACE199BF204556340041203C /* Products */ = {
			isa = PBXGroup;
			children = (
				ACE199BE204556340041203C /* SVPinView.framework */,
			);
			name = Products;
			sourceTree = "<group>";
		};
		ACE199C0204556340041203C /* SVPinView */ = {
			isa = PBXGroup;
			children = (
				ACC5DBFE20469FCA00FA8CD7 /* Example */,
				ACC5DBFD20469FC100FA8CD7 /* Screenshots */,
				ACC5DBE4204689E000FA8CD7 /* Source */,
				ACC5DBE520468A2000FA8CD7 /* Resources */,
			);
			path = SVPinView;
			sourceTree = "<group>";
		};
		ACE199CD204584680041203C /* Classes */ = {
			isa = PBXGroup;
			children = (
				ACE199CA2045566E0041203C /* SVPinView.swift */,
				B31AAF962089E8D4004F5BE4 /* SVPinField.swift */,
			);
			path = Classes;
			sourceTree = "<group>";
		};
		ACE199CE204584930041203C /* XIB's */ = {
			isa = PBXGroup;
			children = (
				ACE199C92045566E0041203C /* SVPinCell.xib */,
				ACE199CB2045566E0041203C /* SVPinView.xib */,
			);
			path = "XIB's";
			sourceTree = "<group>";
		};
/* End PBXGroup section */

/* Begin PBXHeadersBuildPhase section */
		ACE199BB204556340041203C /* Headers */ = {
			isa = PBXHeadersBuildPhase;
			buildActionMask = 2147483647;
			files = (
				ACE199C3204556340041203C /* SVPinView.h in Headers */,
			);
			runOnlyForDeploymentPostprocessing = 0;
		};
/* End PBXHeadersBuildPhase section */

/* Begin PBXNativeTarget section */
		ACE199BD204556340041203C /* SVPinView */ = {
			isa = PBXNativeTarget;
			buildConfigurationList = ACE199C6204556340041203C /* Build configuration list for PBXNativeTarget "SVPinView" */;
			buildPhases = (
				ACE199B9204556340041203C /* Sources */,
				ACE199BA204556340041203C /* Frameworks */,
				ACE199BB204556340041203C /* Headers */,
				ACE199BC204556340041203C /* Resources */,
			);
			buildRules = (
			);
			dependencies = (
			);
			name = SVPinView;
			productName = SVPinView;
			productReference = ACE199BE204556340041203C /* SVPinView.framework */;
			productType = "com.apple.product-type.framework";
		};
/* End PBXNativeTarget section */

/* Begin PBXProject section */
		ACE199B5204556340041203C /* Project object */ = {
			isa = PBXProject;
			attributes = {
				LastSwiftUpdateCheck = 0920;
				LastUpgradeCheck = 0920;
				ORGANIZATIONNAME = Srinivas;
				TargetAttributes = {
					ACE199BD204556340041203C = {
						CreatedOnToolsVersion = 9.2;
						ProvisioningStyle = Automatic;
					};
				};
			};
			buildConfigurationList = ACE199B8204556340041203C /* Build configuration list for PBXProject "SVPinView" */;
			compatibilityVersion = "Xcode 8.0";
			developmentRegion = en;
			hasScannedForEncodings = 0;
			knownRegions = (
				en,
				Base,
			);
			mainGroup = ACE199B4204556340041203C;
			productRefGroup = ACE199BF204556340041203C /* Products */;
			projectDirPath = "";
			projectRoot = "";
			targets = (
				ACE199BD204556340041203C /* SVPinView */,
			);
		};
/* End PBXProject section */

/* Begin PBXResourcesBuildPhase section */
		ACE199BC204556340041203C /* Resources */ = {
			isa = PBXResourcesBuildPhase;
			buildActionMask = 2147483647;
			files = (
				ACC5DC042046A2A400FA8CD7 /* IBInspectables.png in Resources */,
				ACC5DC0020469FEB00FA8CD7 /* SVPinView.gif in Resources */,
			);
			runOnlyForDeploymentPostprocessing = 0;
		};
/* End PBXResourcesBuildPhase section */

/* Begin PBXSourcesBuildPhase section */
		ACE199B9204556340041203C /* Sources */ = {
			isa = PBXSourcesBuildPhase;
			buildActionMask = 2147483647;
			files = (
				ACE199CC2045566E0041203C /* SVPinView.swift in Sources */,
				B31AAF972089E8D4004F5BE4 /* SVPinField.swift in Sources */,
			);
			runOnlyForDeploymentPostprocessing = 0;
		};
/* End PBXSourcesBuildPhase section */

/* Begin XCBuildConfiguration section */
		ACE199C4204556340041203C /* Debug */ = {
			isa = XCBuildConfiguration;
			buildSettings = {
				ALWAYS_SEARCH_USER_PATHS = NO;
				CLANG_ANALYZER_NONNULL = YES;
				CLANG_ANALYZER_NUMBER_OBJECT_CONVERSION = YES_AGGRESSIVE;
				CLANG_CXX_LANGUAGE_STANDARD = "gnu++14";
				CLANG_CXX_LIBRARY = "libc++";
				CLANG_ENABLE_MODULES = YES;
				CLANG_ENABLE_OBJC_ARC = YES;
				CLANG_WARN_BLOCK_CAPTURE_AUTORELEASING = YES;
				CLANG_WARN_BOOL_CONVERSION = YES;
				CLANG_WARN_COMMA = YES;
				CLANG_WARN_CONSTANT_CONVERSION = YES;
				CLANG_WARN_DIRECT_OBJC_ISA_USAGE = YES_ERROR;
				CLANG_WARN_DOCUMENTATION_COMMENTS = YES;
				CLANG_WARN_EMPTY_BODY = YES;
				CLANG_WARN_ENUM_CONVERSION = YES;
				CLANG_WARN_INFINITE_RECURSION = YES;
				CLANG_WARN_INT_CONVERSION = YES;
				CLANG_WARN_NON_LITERAL_NULL_CONVERSION = YES;
				CLANG_WARN_OBJC_LITERAL_CONVERSION = YES;
				CLANG_WARN_OBJC_ROOT_CLASS = YES_ERROR;
				CLANG_WARN_RANGE_LOOP_ANALYSIS = YES;
				CLANG_WARN_STRICT_PROTOTYPES = YES;
				CLANG_WARN_SUSPICIOUS_MOVE = YES;
				CLANG_WARN_UNGUARDED_AVAILABILITY = YES_AGGRESSIVE;
				CLANG_WARN_UNREACHABLE_CODE = YES;
				CLANG_WARN__DUPLICATE_METHOD_MATCH = YES;
				CODE_SIGN_IDENTITY = "iPhone Developer";
				COPY_PHASE_STRIP = NO;
				CURRENT_PROJECT_VERSION = 1;
				DEBUG_INFORMATION_FORMAT = dwarf;
				ENABLE_STRICT_OBJC_MSGSEND = YES;
				ENABLE_TESTABILITY = YES;
				GCC_C_LANGUAGE_STANDARD = gnu11;
				GCC_DYNAMIC_NO_PIC = NO;
				GCC_NO_COMMON_BLOCKS = YES;
				GCC_OPTIMIZATION_LEVEL = 0;
				GCC_PREPROCESSOR_DEFINITIONS = (
					"DEBUG=1",
					"$(inherited)",
				);
				GCC_WARN_64_TO_32_BIT_CONVERSION = YES;
				GCC_WARN_ABOUT_RETURN_TYPE = YES_ERROR;
				GCC_WARN_UNDECLARED_SELECTOR = YES;
				GCC_WARN_UNINITIALIZED_AUTOS = YES_AGGRESSIVE;
				GCC_WARN_UNUSED_FUNCTION = YES;
				GCC_WARN_UNUSED_VARIABLE = YES;
				IPHONEOS_DEPLOYMENT_TARGET = 9.0;
				MTL_ENABLE_DEBUG_INFO = YES;
				ONLY_ACTIVE_ARCH = YES;
				SDKROOT = iphoneos;
				SWIFT_ACTIVE_COMPILATION_CONDITIONS = DEBUG;
				SWIFT_OPTIMIZATION_LEVEL = "-Onone";
				VERSIONING_SYSTEM = "apple-generic";
				VERSION_INFO_PREFIX = "";
			};
			name = Debug;
		};
		ACE199C5204556340041203C /* Release */ = {
			isa = XCBuildConfiguration;
			buildSettings = {
				ALWAYS_SEARCH_USER_PATHS = NO;
				CLANG_ANALYZER_NONNULL = YES;
				CLANG_ANALYZER_NUMBER_OBJECT_CONVERSION = YES_AGGRESSIVE;
				CLANG_CXX_LANGUAGE_STANDARD = "gnu++14";
				CLANG_CXX_LIBRARY = "libc++";
				CLANG_ENABLE_MODULES = YES;
				CLANG_ENABLE_OBJC_ARC = YES;
				CLANG_WARN_BLOCK_CAPTURE_AUTORELEASING = YES;
				CLANG_WARN_BOOL_CONVERSION = YES;
				CLANG_WARN_COMMA = YES;
				CLANG_WARN_CONSTANT_CONVERSION = YES;
				CLANG_WARN_DIRECT_OBJC_ISA_USAGE = YES_ERROR;
				CLANG_WARN_DOCUMENTATION_COMMENTS = YES;
				CLANG_WARN_EMPTY_BODY = YES;
				CLANG_WARN_ENUM_CONVERSION = YES;
				CLANG_WARN_INFINITE_RECURSION = YES;
				CLANG_WARN_INT_CONVERSION = YES;
				CLANG_WARN_NON_LITERAL_NULL_CONVERSION = YES;
				CLANG_WARN_OBJC_LITERAL_CONVERSION = YES;
				CLANG_WARN_OBJC_ROOT_CLASS = YES_ERROR;
				CLANG_WARN_RANGE_LOOP_ANALYSIS = YES;
				CLANG_WARN_STRICT_PROTOTYPES = YES;
				CLANG_WARN_SUSPICIOUS_MOVE = YES;
				CLANG_WARN_UNGUARDED_AVAILABILITY = YES_AGGRESSIVE;
				CLANG_WARN_UNREACHABLE_CODE = YES;
				CLANG_WARN__DUPLICATE_METHOD_MATCH = YES;
				CODE_SIGN_IDENTITY = "iPhone Developer";
				COPY_PHASE_STRIP = NO;
				CURRENT_PROJECT_VERSION = 1;
				DEBUG_INFORMATION_FORMAT = "dwarf-with-dsym";
				ENABLE_NS_ASSERTIONS = NO;
				ENABLE_STRICT_OBJC_MSGSEND = YES;
				GCC_C_LANGUAGE_STANDARD = gnu11;
				GCC_NO_COMMON_BLOCKS = YES;
				GCC_WARN_64_TO_32_BIT_CONVERSION = YES;
				GCC_WARN_ABOUT_RETURN_TYPE = YES_ERROR;
				GCC_WARN_UNDECLARED_SELECTOR = YES;
				GCC_WARN_UNINITIALIZED_AUTOS = YES_AGGRESSIVE;
				GCC_WARN_UNUSED_FUNCTION = YES;
				GCC_WARN_UNUSED_VARIABLE = YES;
				IPHONEOS_DEPLOYMENT_TARGET = 9.0;
				MTL_ENABLE_DEBUG_INFO = NO;
				SDKROOT = iphoneos;
				SWIFT_OPTIMIZATION_LEVEL = "-Owholemodule";
				VALIDATE_PRODUCT = YES;
				VERSIONING_SYSTEM = "apple-generic";
				VERSION_INFO_PREFIX = "";
			};
			name = Release;
		};
		ACE199C7204556340041203C /* Debug */ = {
			isa = XCBuildConfiguration;
			buildSettings = {
				CODE_SIGN_IDENTITY = "";
				CODE_SIGN_STYLE = Automatic;
				DEFINES_MODULE = YES;
				DYLIB_COMPATIBILITY_VERSION = 1;
				DYLIB_CURRENT_VERSION = 1;
				DYLIB_INSTALL_NAME_BASE = "@rpath";
				INFOPLIST_FILE = "$(SRCROOT)/SVPinView/Resources/Info.plist";
				INSTALL_PATH = "$(LOCAL_LIBRARY_DIR)/Frameworks";
				LD_RUNPATH_SEARCH_PATHS = "$(inherited) @executable_path/Frameworks @loader_path/Frameworks";
				PRODUCT_BUNDLE_IDENTIFIER = in.svemuri.SVPinView;
				PRODUCT_NAME = "$(TARGET_NAME:c99extidentifier)";
				SKIP_INSTALL = YES;
				SWIFT_VERSION = 4.0;
				TARGETED_DEVICE_FAMILY = "1,2";
			};
			name = Debug;
		};
		ACE199C8204556340041203C /* Release */ = {
			isa = XCBuildConfiguration;
			buildSettings = {
				CODE_SIGN_IDENTITY = "";
				CODE_SIGN_STYLE = Automatic;
				DEFINES_MODULE = YES;
				DYLIB_COMPATIBILITY_VERSION = 1;
				DYLIB_CURRENT_VERSION = 1;
				DYLIB_INSTALL_NAME_BASE = "@rpath";
				INFOPLIST_FILE = "$(SRCROOT)/SVPinView/Resources/Info.plist";
				INSTALL_PATH = "$(LOCAL_LIBRARY_DIR)/Frameworks";
				LD_RUNPATH_SEARCH_PATHS = "$(inherited) @executable_path/Frameworks @loader_path/Frameworks";
				PRODUCT_BUNDLE_IDENTIFIER = in.svemuri.SVPinView;
				PRODUCT_NAME = "$(TARGET_NAME:c99extidentifier)";
				SKIP_INSTALL = YES;
				SWIFT_VERSION = 4.0;
				TARGETED_DEVICE_FAMILY = "1,2";
			};
			name = Release;
		};
/* End XCBuildConfiguration section */

/* Begin XCConfigurationList section */
		ACE199B8204556340041203C /* Build configuration list for PBXProject "SVPinView" */ = {
			isa = XCConfigurationList;
			buildConfigurations = (
				ACE199C4204556340041203C /* Debug */,
				ACE199C5204556340041203C /* Release */,
			);
			defaultConfigurationIsVisible = 0;
			defaultConfigurationName = Release;
		};
		ACE199C6204556340041203C /* Build configuration list for PBXNativeTarget "SVPinView" */ = {
			isa = XCConfigurationList;
			buildConfigurations = (
				ACE199C7204556340041203C /* Debug */,
				ACE199C8204556340041203C /* Release */,
			);
			defaultConfigurationIsVisible = 0;
			defaultConfigurationName = Release;
		};
/* End XCConfigurationList section */
	};
	rootObject = ACE199B5204556340041203C /* Project object */;
}
